{
  "name": "thincoder-webui",
  "version": "0.12.1",
  "lockfileVersion": 3,
  "requires": true,
  "packages": {
    "": {
      "name": "thincoder-webui",
      "version": "0.12.1",
      "hasInstallScript": true,
      "license": "MIT",
      "dependencies": {
        "thincoder": "^0.12.67"
      },
      "engines": {
        "node": ">=22.5"
      }
    },
    "node_modules/@thincoder/core": {
      "version": "0.9.5",
      "resolved": "https://registry.npmmirror.com/@thincoder/core/-/core-0.9.5.tgz",
      "integrity": "sha512-7n4uU6R8hsI6JOgmFs0080zntIoXJR+w2AxB1TIaW5OjALjAHoWEGAw1WULWph+efNpp4d2ZSBaWj5Tqmu+RDQ==",
      "license": "MIT",
      "engines": {
        "node": ">=22.13.0"
      }
    },
    "node_modules/thincoder": {
      "version": "0.12.67",
      "resolved": "https://registry.npmmirror.com/thincoder/-/thincoder-0.12.67.tgz",
      "integrity": "sha512-ekGNqUvOkUso5VUauQWClKQu28mFSQ7M755iovENPkqP1v4qdJvBS+cEcR28jYqn/WU7dc4HQxWfRYBMHJhAtg==",
      "license": "MIT",
      "dependencies": {
        "@thincoder/core": "^0.9.5"
      },
      "bin": {
        "thincoder": "bin/thincoder.cjs"
      },
      "engines": {
        "node": ">=24"
      }
    }
  }
}
