{
  "name": "thincoder-webui",
  "version": "0.8.1",
  "lockfileVersion": 3,
  "requires": true,
  "packages": {
    "": {
      "name": "thincoder-webui",
      "version": "0.8.1",
      "hasInstallScript": true,
      "license": "MIT",
      "dependencies": {
        "thincoder": "^0.12.66"
      },
      "engines": {
        "node": ">=22.5"
      }
    },
    "node_modules/@thincoder/core": {
      "version": "0.9.4",
      "resolved": "https://registry.npmjs.org/@thincoder/core/-/core-0.9.4.tgz",
      "integrity": "sha512-MdifRyBUju+cz1mCS/vI4htF9iQIHXscesB2vXv9R/PUDEiuDzWg25JDMFnOjZoRKAovbrlIEdt2Igw+GGqSHQ==",
      "license": "MIT",
      "engines": {
        "node": ">=22.13.0"
      }
    },
    "node_modules/thincoder": {
      "version": "0.12.66",
      "resolved": "https://registry.npmjs.org/thincoder/-/thincoder-0.12.66.tgz",
      "integrity": "sha512-zw0UjxKjGMZH01U2G5rQmozXyPschX2d0cEFjo1TgoX+YFX+vgkYwnxTqY6WIVh+QdyT1ghuUB6PmEZd+vU+sA==",
      "license": "MIT",
      "dependencies": {
        "@thincoder/core": "^0.9.4"
      },
      "bin": {
        "thincoder": "bin/thincoder.cjs"
      },
      "engines": {
        "node": ">=24"
      }
    }
  }
}
