{
  "name": "thincoder-webui",
  "version": "0.13.5",
  "lockfileVersion": 3,
  "requires": true,
  "packages": {
    "": {
      "name": "thincoder-webui",
      "version": "0.13.5",
      "hasInstallScript": true,
      "license": "MIT",
      "dependencies": {
        "thincoder": "^0.12.67"
      },
      "engines": {
        "node": ">=22.5"
      }
    },
    "node_modules/@thincoder/core": {
      "version": "0.10.4",
      "resolved": "https://registry.npmmirror.com/@thincoder/core/-/core-0.10.4.tgz",
      "integrity": "sha512-3P6f4TMR2qtui6mldqLT8Q6NYZLg48wMpXDRjSpk0hkHs9jHr28mHI9Mki8Zpbw2N8V+zLiUre6/6kSnmyoPiw==",
      "license": "MIT",
      "engines": {
        "node": ">=22.13.0"
      }
    },
    "node_modules/thincoder": {
      "version": "0.12.71",
      "resolved": "https://registry.npmmirror.com/thincoder/-/thincoder-0.12.71.tgz",
      "integrity": "sha512-uFZCpcIt4/COBBxwzse4AptT3bJ6MaAdHRVmB/zQbG07w/4ySWgHjorLBWaox675EcK+P4oj58jVgl7J//G7Ig==",
      "license": "MIT",
      "dependencies": {
        "@thincoder/core": "^0.10.4"
      },
      "bin": {
        "thincoder": "bin/thincoder.cjs"
      },
      "engines": {
        "node": ">=24"
      }
    }
  }
}
